// !$*UTF8*$!
{
	archiveVersion = 1;
	classes = {
	};
	objectVersion = 46;
	objects = {

/* Begin PBXBuildFile section */
		A90FDD7C1D010D29006D7B5F /* AppDelegate.swift in Sources */ = {isa = PBXBuildFile; fileRef = A90FDD7B1D010D29006D7B5F /* AppDelegate.swift */; };
		A90FDD7E1D010D29006D7B5F /* ViewController.swift in Sources */ = {isa = PBXBuildFile; fileRef = A90FDD7D1D010D29006D7B5F /* ViewController.swift */; };
		A90FDD811D010D29006D7B5F /* Main.storyboard in Resources */ = {isa = PBXBuildFile; fileRef = A90FDD7F1D010D29006D7B5F /* Main.storyboard */; };
		A90FDD841D010D2A006D7B5F /* RecipesGalore.xcdatamodeld in Sources */ = {isa = PBXBuildFile; fileRef = A90FDD821D010D2A006D7B5F /* RecipesGalore.xcdatamodeld */; };
		A90FDD861D010D2A006D7B5F /* Assets.xcassets in Resources */ = {isa = PBXBuildFile; fileRef = A90FDD851D010D2A006D7B5F /* Assets.xcassets */; };
		A90FDD891D010D2A006D7B5F /* LaunchScreen.storyboard in Resources */ = {isa = PBXBuildFile; fileRef = A90FDD871D010D2A006D7B5F /* LaunchScreen.storyboard */; };
		A978BD0E1D01E891009D9221 /* Recipe+CoreDataProperties.swift in Sources */ = {isa = PBXBuildFile; fileRef = A978BD0C1D01E891009D9221 /* Recipe+CoreDataProperties.swift */; };
		A978BD0F1D01E891009D9221 /* Recipe.swift in Sources */ = {isa = PBXBuildFile; fileRef = A978BD0D1D01E891009D9221 /* Recipe.swift */; };
		A978BD111D01FFBA009D9221 /* RecipeCell.swift in Sources */ = {isa = PBXBuildFile; fileRef = A978BD101D01FFBA009D9221 /* RecipeCell.swift */; };
		A9A9DD161D064C17002CDD16 /* CreateRecipeVC.swift in Sources */ = {isa = PBXBuildFile; fileRef = A9A9DD151D064C17002CDD16 /* CreateRecipeVC.swift */; };
/* End PBXBuildFile section */

/* Begin PBXFileReference section */
		A90FDD781D010D29006D7B5F /* RecipesGalore.app */ = {isa = PBXFileReference; explicitFileType = wrapper.application; includeInIndex = 0; path = RecipesGalore.app; sourceTree = BUILT_PRODUCTS_DIR; };
		A90FDD7B1D010D29006D7B5F /* AppDelegate.swift */ = {isa = PBXFileReference; lastKnownFileType = sourcecode.swift; path = AppDelegate.swift; sourceTree = "<group>"; };
		A90FDD7D1D010D29006D7B5F /* ViewController.swift */ = {isa = PBXFileReference; lastKnownFileType = sourcecode.swift; path = ViewController.swift; sourceTree = "<group>"; };
		A90FDD801D010D29006D7B5F /* Base */ = {isa = PBXFileReference; lastKnownFileType = file.storyboard; name = Base; path = Base.lproj/Main.storyboard; sourceTree = "<group>"; };
		A90FDD831D010D2A006D7B5F /* RecipesGalore.xcdatamodel */ = {isa = PBXFileReference; lastKnownFileType = wrapper.xcdatamodel; path = RecipesGalore.xcdatamodel; sourceTree = "<group>"; };
		A90FDD851D010D2A006D7B5F /* Assets.xcassets */ = {isa = PBXFileReference; lastKnownFileType = folder.assetcatalog; path = Assets.xcassets; sourceTree = "<group>"; };
		A90FDD881D010D2A006D7B5F /* Base */ = {isa = PBXFileReference; lastKnownFileType = file.storyboard; name = Base; path = Base.lproj/LaunchScreen.storyboard; sourceTree = "<group>"; };
		A90FDD8A1D010D2A006D7B5F /* Info.plist */ = {isa = PBXFileReference; lastKnownFileType = text.plist.xml; path = Info.plist; sourceTree = "<group>"; };
		A978BD0C1D01E891009D9221 /* Recipe+CoreDataProperties.swift */ = {isa = PBXFileReference; fileEncoding = 4; lastKnownFileType = sourcecode.swift; name = "Recipe+CoreDataProperties.swift"; path = "../Recipe+CoreDataProperties.swift"; sourceTree = "<group>"; };
		A978BD0D1D01E891009D9221 /* Recipe.swift */ = {isa = PBXFileReference; fileEncoding = 4; lastKnownFileType = sourcecode.swift; name = Recipe.swift; path = ../Recipe.swift; sourceTree = "<group>"; };
		A978BD101D01FFBA009D9221 /* RecipeCell.swift */ = {isa = PBXFileReference; fileEncoding = 4; lastKnownFileType = sourcecode.swift; name = RecipeCell.swift; path = ../RecipeCell.swift; sourceTree = "<group>"; };
		A9A9DD151D064C17002CDD16 /* CreateRecipeVC.swift */ = {isa = PBXFileReference; fileEncoding = 4; lastKnownFileType = sourcecode.swift; path = CreateRecipeVC.swift; sourceTree = "<group>"; };
/* End PBXFileReference section */

/* Begin PBXFrameworksBuildPhase section */
		A90FDD751D010D29006D7B5F /* Frameworks */ = {
			isa = PBXFrameworksBuildPhase;
			buildActionMask = 2147483647;
			files = (
			);
			runOnlyForDeploymentPostprocessing = 0;
		};
/* End PBXFrameworksBuildPhase section */

/* Begin PBXGroup section */
		A90FDD6F1D010D29006D7B5F = {
			isa = PBXGroup;
			children = (
				A90FDD7A1D010D29006D7B5F /* RecipesGalore */,
				A90FDD791D010D29006D7B5F /* Products */,
			);
			sourceTree = "<group>";
		};
		A90FDD791D010D29006D7B5F /* Products */ = {
			isa = PBXGroup;
			children = (
				A90FDD781D010D29006D7B5F /* RecipesGalore.app */,
			);
			name = Products;
			sourceTree = "<group>";
		};
		A90FDD7A1D010D29006D7B5F /* RecipesGalore */ = {
			isa = PBXGroup;
			children = (
				A978BD0B1D01D73A009D9221 /* Services */,
				A978BD0A1D01D730009D9221 /* Model */,
				A978BD091D01D728009D9221 /* View */,
				A978BD081D01D717009D9221 /* Controller */,
				A90FDD7B1D010D29006D7B5F /* AppDelegate.swift */,
				A90FDD7F1D010D29006D7B5F /* Main.storyboard */,
				A90FDD871D010D2A006D7B5F /* LaunchScreen.storyboard */,
				A90FDD851D010D2A006D7B5F /* Assets.xcassets */,
				A90FDD8A1D010D2A006D7B5F /* Info.plist */,
				A90FDD821D010D2A006D7B5F /* RecipesGalore.xcdatamodeld */,
			);
			path = RecipesGalore;
			sourceTree = "<group>";
		};
		A978BD081D01D717009D9221 /* Controller */ = {
			isa = PBXGroup;
			children = (
				A90FDD7D1D010D29006D7B5F /* ViewController.swift */,
				A9A9DD151D064C17002CDD16 /* CreateRecipeVC.swift */,
			);
			name = Controller;
			sourceTree = "<group>";
		};
		A978BD091D01D728009D9221 /* View */ = {
			isa = PBXGroup;
			children = (
				A978BD101D01FFBA009D9221 /* RecipeCell.swift */,
			);
			name = View;
			sourceTree = "<group>";
		};
		A978BD0A1D01D730009D9221 /* Model */ = {
			isa = PBXGroup;
			children = (
				A978BD0C1D01E891009D9221 /* Recipe+CoreDataProperties.swift */,
				A978BD0D1D01E891009D9221 /* Recipe.swift */,
			);
			name = Model;
			sourceTree = "<group>";
		};
		A978BD0B1D01D73A009D9221 /* Services */ = {
			isa = PBXGroup;
			children = (
			);
			name = Services;
			sourceTree = "<group>";
		};
/* End PBXGroup section */

/* Begin PBXNativeTarget section */
		A90FDD771D010D29006D7B5F /* RecipesGalore */ = {
			isa = PBXNativeTarget;
			buildConfigurationList = A90FDD8D1D010D2A006D7B5F /* Build configuration list for PBXNativeTarget "RecipesGalore" */;
			buildPhases = (
				A90FDD741D010D29006D7B5F /* Sources */,
				A90FDD751D010D29006D7B5F /* Frameworks */,
				A90FDD761D010D29006D7B5F /* Resources */,
			);
			buildRules = (
			);
			dependencies = (
			);
			name = RecipesGalore;
			productName = RecipesGalore;
			productReference = A90FDD781D010D29006D7B5F /* RecipesGalore.app */;
			productType = "com.apple.product-type.application";
		};
/* End PBXNativeTarget section */

/* Begin PBXProject section */
		A90FDD701D010D29006D7B5F /* Project object */ = {
			isa = PBXProject;
			attributes = {
				LastSwiftUpdateCheck = 0730;
				LastUpgradeCheck = 0730;
				ORGANIZATIONNAME = "Asherlee Levy";
				TargetAttributes = {
					A90FDD771D010D29006D7B5F = {
						CreatedOnToolsVersion = 7.3.1;
					};
				};
			};
			buildConfigurationList = A90FDD731D010D29006D7B5F /* Build configuration list for PBXProject "RecipesGalore" */;
			compatibilityVersion = "Xcode 3.2";
			developmentRegion = English;
			hasScannedForEncodings = 0;
			knownRegions = (
				en,
				Base,
			);
			mainGroup = A90FDD6F1D010D29006D7B5F;
			productRefGroup = A90FDD791D010D29006D7B5F /* Products */;
			projectDirPath = "";
			projectRoot = "";
			targets = (
				A90FDD771D010D29006D7B5F /* RecipesGalore */,
			);
		};
/* End PBXProject section */

/* Begin PBXResourcesBuildPhase section */
		A90FDD761D010D29006D7B5F /* Resources */ = {
			isa = PBXResourcesBuildPhase;
			buildActionMask = 2147483647;
			files = (
				A90FDD891D010D2A006D7B5F /* LaunchScreen.storyboard in Resources */,
				A90FDD861D010D2A006D7B5F /* Assets.xcassets in Resources */,
				A90FDD811D010D29006D7B5F /* Main.storyboard in Resources */,
			);
			runOnlyForDeploymentPostprocessing = 0;
		};
/* End PBXResourcesBuildPhase section */

/* Begin PBXSourcesBuildPhase section */
		A90FDD741D010D29006D7B5F /* Sources */ = {
			isa = PBXSourcesBuildPhase;
			buildActionMask = 2147483647;
			files = (
				A90FDD7E1D010D29006D7B5F /* ViewController.swift in Sources */,
				A978BD0E1D01E891009D9221 /* Recipe+CoreDataProperties.swift in Sources */,
				A90FDD7C1D010D29006D7B5F /* AppDelegate.swift in Sources */,
				A978BD111D01FFBA009D9221 /* RecipeCell.swift in Sources */,
				A9A9DD161D064C17002CDD16 /* CreateRecipeVC.swift in Sources */,
				A90FDD841D010D2A006D7B5F /* RecipesGalore.xcdatamodeld in Sources */,
				A978BD0F1D01E891009D9221 /* Recipe.swift in Sources */,
			);
			runOnlyForDeploymentPostprocessing = 0;
		};
/* End PBXSourcesBuildPhase section */

/* Begin PBXVariantGroup section */
		A90FDD7F1D010D29006D7B5F /* Main.storyboard */ = {
			isa = PBXVariantGroup;
			children = (
				A90FDD801D010D29006D7B5F /* Base */,
			);
			name = Main.storyboard;
			sourceTree = "<group>";
		};
		A90FDD871D010D2A006D7B5F /* LaunchScreen.storyboard */ = {
			isa = PBXVariantGroup;
			children = (
				A90FDD881D010D2A006D7B5F /* Base */,
			);
			name = LaunchScreen.storyboard;
			sourceTree = "<group>";
		};
/* End PBXVariantGroup section */

/* Begin XCBuildConfiguration section */
		A90FDD8B1D010D2A006D7B5F /* Debug */ = {
			isa = XCBuildConfiguration;
			buildSettings = {
				ALWAYS_SEARCH_USER_PATHS = NO;
				CLANG_ANALYZER_NONNULL = YES;
				CLANG_CXX_LANGUAGE_STANDARD = "gnu++0x";
				CLANG_CXX_LIBRARY = "libc++";
				CLANG_ENABLE_MODULES = YES;
				CLANG_ENABLE_OBJC_ARC = YES;
				CLANG_WARN_BOOL_CONVERSION = YES;
				CLANG_WARN_CONSTANT_CONVERSION = YES;
				CLANG_WARN_DIRECT_OBJC_ISA_USAGE = YES_ERROR;
				CLANG_WARN_EMPTY_BODY = YES;
				CLANG_WARN_ENUM_CONVERSION = YES;
				CLANG_WARN_INT_CONVERSION = YES;
				CLANG_WARN_OBJC_ROOT_CLASS = YES_ERROR;
				CLANG_WARN_UNREACHABLE_CODE = YES;
				CLANG_WARN__DUPLICATE_METHOD_MATCH = YES;
				"CODE_SIGN_IDENTITY[sdk=iphoneos*]" = "iPhone Developer";
				COPY_PHASE_STRIP = NO;
				DEBUG_INFORMATION_FORMAT = dwarf;
				ENABLE_STRICT_OBJC_MSGSEND = YES;
				ENABLE_TESTABILITY = YES;
				GCC_C_LANGUAGE_STANDARD = gnu99;
				GCC_DYNAMIC_NO_PIC = NO;
				GCC_NO_COMMON_BLOCKS = YES;
				GCC_OPTIMIZATION_LEVEL = 0;
				GCC_PREPROCESSOR_DEFINITIONS = (
					"DEBUG=1",
					"$(inherited)",
				);
				GCC_WARN_64_TO_32_BIT_CONVERSION = YES;
				GCC_WARN_ABOUT_RETURN_TYPE = YES_ERROR;
				GCC_WARN_UNDECLARED_SELECTOR = YES;
				GCC_WARN_UNINITIALIZED_AUTOS = YES_AGGRESSIVE;
				GCC_WARN_UNUSED_FUNCTION = YES;
				GCC_WARN_UNUSED_VARIABLE = YES;
				IPHONEOS_DEPLOYMENT_TARGET = 9.3;
				MTL_ENABLE_DEBUG_INFO = YES;
				ONLY_ACTIVE_ARCH = YES;
				SDKROOT = iphoneos;
				SWIFT_OPTIMIZATION_LEVEL = "-Onone";
				TARGETED_DEVICE_FAMILY = "1,2";
			};
			name = Debug;
		};
		A90FDD8C1D010D2A006D7B5F /* Release */ = {
			isa = XCBuildConfiguration;
			buildSettings = {
				ALWAYS_SEARCH_USER_PATHS = NO;
				CLANG_ANALYZER_NONNULL = YES;
				CLANG_CXX_LANGUAGE_STANDARD = "gnu++0x";
				CLANG_CXX_LIBRARY = "libc++";
				CLANG_ENABLE_MODULES = YES;
				CLANG_ENABLE_OBJC_ARC = YES;
				CLANG_WARN_BOOL_CONVERSION = YES;
				CLANG_WARN_CONSTANT_CONVERSION = YES;
				CLANG_WARN_DIRECT_OBJC_ISA_USAGE = YES_ERROR;
				CLANG_WARN_EMPTY_BODY = YES;
				CLANG_WARN_ENUM_CONVERSION = YES;
				CLANG_WARN_INT_CONVERSION = YES;
				CLANG_WARN_OBJC_ROOT_CLASS = YES_ERROR;
				CLANG_WARN_UNREACHABLE_CODE = YES;
				CLANG_WARN__DUPLICATE_METHOD_MATCH = YES;
				"CODE_SIGN_IDENTITY[sdk=iphoneos*]" = "iPhone Developer";
				COPY_PHASE_STRIP = NO;
				DEBUG_INFORMATION_FORMAT = "dwarf-with-dsym";
				ENABLE_NS_ASSERTIONS = NO;
				ENABLE_STRICT_OBJC_MSGSEND = YES;
				GCC_C_LANGUAGE_STANDARD = gnu99;
				GCC_NO_COMMON_BLOCKS = YES;
				GCC_WARN_64_TO_32_BIT_CONVERSION = YES;
				GCC_WARN_ABOUT_RETURN_TYPE = YES_ERROR;
				GCC_WARN_UNDECLARED_SELECTOR = YES;
				GCC_WARN_UNINITIALIZED_AUTOS = YES_AGGRESSIVE;
				GCC_WARN_UNUSED_FUNCTION = YES;
				GCC_WARN_UNUSED_VARIABLE = YES;
				IPHONEOS_DEPLOYMENT_TARGET = 9.3;
				MTL_ENABLE_DEBUG_INFO = NO;
				SDKROOT = iphoneos;
				TARGETED_DEVICE_FAMILY = "1,2";
				VALIDATE_PRODUCT = YES;
			};
			name = Release;
		};
		A90FDD8E1D010D2A006D7B5F /* Debug */ = {
			isa = XCBuildConfiguration;
			buildSettings = {
				ASSETCATALOG_COMPILER_APPICON_NAME = AppIcon;
				INFOPLIST_FILE = RecipesGalore/Info.plist;
				LD_RUNPATH_SEARCH_PATHS = "$(inherited) @executable_path/Frameworks";
				PRODUCT_BUNDLE_IDENTIFIER = com.asherleelevy.RecipesGalore;
				PRODUCT_NAME = "$(TARGET_NAME)";
			};
			name = Debug;
		};
		A90FDD8F1D010D2A006D7B5F /* Release */ = {
			isa = XCBuildConfiguration;
			buildSettings = {
				ASSETCATALOG_COMPILER_APPICON_NAME = AppIcon;
				INFOPLIST_FILE = RecipesGalore/Info.plist;
				LD_RUNPATH_SEARCH_PATHS = "$(inherited) @executable_path/Frameworks";
				PRODUCT_BUNDLE_IDENTIFIER = com.asherleelevy.RecipesGalore;
				PRODUCT_NAME = "$(TARGET_NAME)";
			};
			name = Release;
		};
/* End XCBuildConfiguration section */

/* Begin XCConfigurationList section */
		A90FDD731D010D29006D7B5F /* Build configuration list for PBXProject "RecipesGalore" */ = {
			isa = XCConfigurationList;
			buildConfigurations = (
				A90FDD8B1D010D2A006D7B5F /* Debug */,
				A90FDD8C1D010D2A006D7B5F /* Release */,
			);
			defaultConfigurationIsVisible = 0;
			defaultConfigurationName = Release;
		};
		A90FDD8D1D010D2A006D7B5F /* Build configuration list for PBXNativeTarget "RecipesGalore" */ = {
			isa = XCConfigurationList;
			buildConfigurations = (
				A90FDD8E1D010D2A006D7B5F /* Debug */,
				A90FDD8F1D010D2A006D7B5F /* Release */,
			);
			defaultConfigurationIsVisible = 0;
			defaultConfigurationName = Release;
		};
/* End XCConfigurationList section */

/* Begin XCVersionGroup section */
		A90FDD821D010D2A006D7B5F /* RecipesGalore.xcdatamodeld */ = {
			isa = XCVersionGroup;
			children = (
				A90FDD831D010D2A006D7B5F /* RecipesGalore.xcdatamodel */,
			);
			currentVersion = A90FDD831D010D2A006D7B5F /* RecipesGalore.xcdatamodel */;
			path = RecipesGalore.xcdatamodeld;
			sourceTree = "<group>";
			versionGroupType = wrapper.xcdatamodel;
		};
/* End XCVersionGroup section */
	};
	rootObject = A90FDD701D010D29006D7B5F /* Project object */;
}
